{
  "meteor": {
    "git": "https://github.com/meteor/meteor",
    "branch": "shark",
    "commit": "1d3a840372a1d1db6e212d38621288b6cc42a1c7"
  },
  "dependencies": {
    "basePackages": {
      "iron-router": {
        "path": "../.."
      },
      "blaze-layout": {
        "git": "https://github.com/EventedMind/blaze-layout",
        "branch": "devel"
      }
    },
    "packages": {
      "iron-router": {
        "path": "../.."
      },
      "blaze-layout": {
        "git": "https://github.com/EventedMind/blaze-layout",
        "branch": "devel",
        "commit": "f52f416d6277f27b11832355298553e46b8cc6fd"
      }
    }
  }
}
